
Microsoft Visual Studio Solution File, Format Version 12.00
# Visual Studio 15
VisualStudioVersion = 15.0.27428.2043
MinimumVisualStudioVersion = 10.0.40219.1
Project("{FAE04EC0-301F-11D3-BF4B-00C04F79EFBC}") = "CapaAccesoDatos", "CapaAccesoDatos\CapaAccesoDatos.csproj", "{DF02CEB5-198D-4FAE-9016-459E1B10497E}"
EndProject
Project("{FAE04EC0-301F-11D3-BF4B-00C04F79EFBC}") = "CapaLogicaNegocios", "CapaLogicaNegocios\CapaLogicaNegocios.csproj", "{5E442EFC-CAE9-4645-8EB4-D531745B0A03}"
EndProject
Project("{FAE04EC0-301F-11D3-BF4B-00C04F79EFBC}") = "CapaPresentacion", "CapaPresentacion\CapaPresentacion.csproj", "{4858CEFD-D621-4490-A379-460E1E6F3043}"
EndProject
Global
	GlobalSection(SolutionConfigurationPlatforms) = preSolution
		Debug|Any CPU = Debug|Any CPU
		Release|Any CPU = Release|Any CPU
	EndGlobalSection
	GlobalSection(ProjectConfigurationPlatforms) = postSolution
		{DF02CEB5-198D-4FAE-9016-459E1B10497E}.Debug|Any CPU.ActiveCfg = Debug|Any CPU
		{DF02CEB5-198D-4FAE-9016-459E1B10497E}.Debug|Any CPU.Build.0 = Debug|Any CPU
		{DF02CEB5-198D-4FAE-9016-459E1B10497E}.Release|Any CPU.ActiveCfg = Release|Any CPU
		{DF02CEB5-198D-4FAE-9016-459E1B10497E}.Release|Any CPU.Build.0 = Release|Any CPU
		{5E442EFC-CAE9-4645-8EB4-D531745B0A03}.Debug|Any CPU.ActiveCfg = Debug|Any CPU
		{5E442EFC-CAE9-4645-8EB4-D531745B0A03}.Debug|Any CPU.Build.0 = Debug|Any CPU
		{5E442EFC-CAE9-4645-8EB4-D531745B0A03}.Release|Any CPU.ActiveCfg = Release|Any CPU
		{5E442EFC-CAE9-4645-8EB4-D531745B0A03}.Release|Any CPU.Build.0 = Release|Any CPU
		{4858CEFD-D621-4490-A379-460E1E6F3043}.Debug|Any CPU.ActiveCfg = Debug|Any CPU
		{4858CEFD-D621-4490-A379-460E1E6F3043}.Debug|Any CPU.Build.0 = Debug|Any CPU
		{4858CEFD-D621-4490-A379-460E1E6F3043}.Release|Any CPU.ActiveCfg = Release|Any CPU
		{4858CEFD-D621-4490-A379-460E1E6F3043}.Release|Any CPU.Build.0 = Release|Any CPU
	EndGlobalSection
	GlobalSection(SolutionProperties) = preSolution
		HideSolutionNode = FALSE
	EndGlobalSection
	GlobalSection(ExtensibilityGlobals) = postSolution
		SolutionGuid = {9183D8FA-576B-4328-815C-7A301EB91E17}
	EndGlobalSection
EndGlobal
